github.com/cconcannon/czml v0.0.8 h1:QLUoquL0Tf97dQwIXj54cD7pdnIx94zxU5eIybVgoXE=
github.com/cconcannon/czml v0.0.8/go.mod h1:EJHOXZyVD1CWZI20YYD5Dkf8oJLWYiGMN8oI/2kynlQ=
github.com/cconcannon/gpx v0.0.3 h1:s/AejYHSAJjQ7ElZYSB9aB1LwnrxxdJWC2DBmAEqULg=
github.com/cconcannon/gpx v0.0.3/go.mod h1:PQUCMlW6uSB0CgxOqnRjNAgP9f2m9QgXmqF4pYw2XfM=
